
Microsoft Visual Studio Solution File, Format Version 12.00
# Visual Studio Version 16
VisualStudioVersion = 16.0.30225.117
MinimumVisualStudioVersion = 10.0.40219.1
Project("{FAE04EC0-301F-11D3-BF4B-00C04F79EFBC}") = "ConsoleApp1", "ConsoleApp1.csproj", "{D8303CEF-170B-4A43-98A4-5B398A3D93DC}"
EndProject
Global
	GlobalSection(SolutionConfigurationPlatforms) = preSolution
		Debug|Any CPU = Debug|Any CPU
		Release|Any CPU = Release|Any CPU
	EndGlobalSection
	GlobalSection(ProjectConfigurationPlatforms) = postSolution
		{D8303CEF-170B-4A43-98A4-5B398A3D93DC}.Debug|Any CPU.ActiveCfg = Debug|Any CPU
		{D8303CEF-170B-4A43-98A4-5B398A3D93DC}.Debug|Any CPU.Build.0 = Debug|Any CPU
		{D8303CEF-170B-4A43-98A4-5B398A3D93DC}.Release|Any CPU.ActiveCfg = Release|Any CPU
		{D8303CEF-170B-4A43-98A4-5B398A3D93DC}.Release|Any CPU.Build.0 = Release|Any CPU
	EndGlobalSection
	GlobalSection(SolutionProperties) = preSolution
		HideSolutionNode = FALSE
	EndGlobalSection
	GlobalSection(ExtensibilityGlobals) = postSolution
		SolutionGuid = {D0AD2732-1C4F-4E43-81C8-D067A597F4BF}
	EndGlobalSection
EndGlobal
