
Microsoft Visual Studio Solution File, Format Version 12.00
# Visual Studio Version 16
VisualStudioVersion = 16.0.30804.86
MinimumVisualStudioVersion = 10.0.40219.1
Project("{FAE04EC0-301F-11D3-BF4B-00C04F79EFBC}") = "lab.5", "lab.5\lab.5.csproj", "{20CC9FB8-B7CD-426D-A8DB-093CB628752F}"
EndProject
Global
	GlobalSection(SolutionConfigurationPlatforms) = preSolution
		Debug|Any CPU = Debug|Any CPU
		Release|Any CPU = Release|Any CPU
	EndGlobalSection
	GlobalSection(ProjectConfigurationPlatforms) = postSolution
		{20CC9FB8-B7CD-426D-A8DB-093CB628752F}.Debug|Any CPU.ActiveCfg = Debug|Any CPU
		{20CC9FB8-B7CD-426D-A8DB-093CB628752F}.Debug|Any CPU.Build.0 = Debug|Any CPU
		{20CC9FB8-B7CD-426D-A8DB-093CB628752F}.Release|Any CPU.ActiveCfg = Release|Any CPU
		{20CC9FB8-B7CD-426D-A8DB-093CB628752F}.Release|Any CPU.Build.0 = Release|Any CPU
	EndGlobalSection
	GlobalSection(SolutionProperties) = preSolution
		HideSolutionNode = FALSE
	EndGlobalSection
	GlobalSection(ExtensibilityGlobals) = postSolution
		SolutionGuid = {0A721E75-F919-4D01-975A-E8D3117AC22F}
	EndGlobalSection
EndGlobal
